schema: '2.0'
stages:
  prepare:
    cmd: python cd_src/prepare.py
    deps:
    - path: cd_src/prepare.py
      hash: md5
      md5: ff4ae76a9f59db7f4ccf019858fccaa1
      size: 685
    outs:
    - path: data/raw
      hash: md5
      md5: 0961ec15c3d30f15e1af55d2cc39d8f5.dir
      size: 45598094
      nfiles: 2000
  featurize:
    cmd: python src/featurization.py data/prepared data/features
    deps:
    - path: data/prepared
      hash: md5
      md5: 153aad06d376b6595932470e459ef42a.dir
      size: 8437363
      nfiles: 2
    - path: src/featurization.py
      hash: md5
      md5: e22789fc9581cad11ef7a6fa3aa3f17b
      size: 4158
    params:
      params.yaml:
        featurize.max_features: 2500
        featurize.ngrams: 3
    outs:
    - path: data/features
      hash: md5
      md5: 89b7bc5c43d6116cbf8b020fe8eaa567.dir
      size: 5127428
      nfiles: 2
  train:
    cmd: python src/train.py data/features model.pkl
    deps:
    - path: data/features
      hash: md5
      md5: 89b7bc5c43d6116cbf8b020fe8eaa567.dir
      size: 5127428
      nfiles: 2
    - path: src/train.py
      hash: md5
      md5: 324001573ed724e5ae092226fcf9ca30
      size: 1666
    params:
      params.yaml:
        train.min_split: 0.01
        train.n_est: 50
        train.seed: 20170428
    outs:
    - path: model.pkl
      hash: md5
      md5: 1e157deec1ee4326342aaf0385f2f78d
      size: 2389265
  evaluate:
    cmd: python src/evaluate.py model.pkl data/features
    deps:
    - path: data/features
      hash: md5
      md5: 89b7bc5c43d6116cbf8b020fe8eaa567.dir
      size: 5127428
      nfiles: 2
    - path: model.pkl
      hash: md5
      md5: 1e157deec1ee4326342aaf0385f2f78d
      size: 2389265
    - path: src/evaluate.py
      hash: md5
      md5: 125a241720fa69befdb419a3b75e5bfb
      size: 3300
    outs:
    - path: eval
      hash: md5
      md5: 0f87e3143172aa9c682038192e981f62.dir
      size: 1180798
      nfiles: 8
  preprocess:
    cmd: python cd_src/preprocess.py
    deps:
    - path: cd_src/preprocess.py
      hash: md5
      md5: b67aceb9903a83dc23061ce79aa382ab
      size: 1032
    - path: data/raw
      hash: md5
      md5: 0961ec15c3d30f15e1af55d2cc39d8f5.dir
      size: 45598094
      nfiles: 2000
    outs:
    - path: data/processed
      hash: md5
      md5: c998b09b6d9ce6e8505606e8a9e26201.dir
      size: 18439045
      nfiles: 2000
